
Microsoft Visual Studio Solution File, Format Version 12.00
# Visual Studio Version 17
VisualStudioVersion = 17.3.32519.111
MinimumVisualStudioVersion = 10.0.40219.1
Project("{FAE04EC0-301F-11D3-BF4B-00C04F79EFBC}") = "DSD01TempConverterAsp", "DSD01TempConverterAsp.csproj", "{21598299-24B7-47DA-A50F-866651FA4129}"
EndProject
Global
	GlobalSection(SolutionConfigurationPlatforms) = preSolution
		Debug|Any CPU = Debug|Any CPU
		Release|Any CPU = Release|Any CPU
	EndGlobalSection
	GlobalSection(ProjectConfigurationPlatforms) = postSolution
		{21598299-24B7-47DA-A50F-866651FA4129}.Debug|Any CPU.ActiveCfg = Debug|Any CPU
		{21598299-24B7-47DA-A50F-866651FA4129}.Debug|Any CPU.Build.0 = Debug|Any CPU
		{21598299-24B7-47DA-A50F-866651FA4129}.Release|Any CPU.ActiveCfg = Release|Any CPU
		{21598299-24B7-47DA-A50F-866651FA4129}.Release|Any CPU.Build.0 = Release|Any CPU
	EndGlobalSection
	GlobalSection(SolutionProperties) = preSolution
		HideSolutionNode = FALSE
	EndGlobalSection
	GlobalSection(ExtensibilityGlobals) = postSolution
		SolutionGuid = {DF35853A-BFC0-4025-A75A-D07D95E59439}
	EndGlobalSection
EndGlobal
